<?xml version="1.0" encoding="utf-8"?>
<Project ToolsVersion="4.0" xmlns="http://schemas.microsoft.com/developer/msbuild/2003">
  <ItemGroup>
    <ClCompile Include="..\common\cert_dialog_win.c">
      <Filter>Source Files</Filter>
    </ClCompile>
    <ClCompile Include="..\common\esteid_log.c">
      <Filter>Source Files</Filter>
    </ClCompile>
    <ClCompile Include="esteidpluginie_i.c">
      <Filter>Source Files</Filter>
    </ClCompile>
    <ClCompile Include="EstEIDCertificate.cpp">
      <Filter>Source Files</Filter>
    </ClCompile>
    <ClCompile Include="EstEIDIEPluginBHO.cpp">
      <Filter>Source Files</Filter>
    </ClCompile>
    <ClCompile Include="esteid_error.cpp">
      <Filter>Source Files</Filter>
    </ClCompile>
    <ClCompile Include="dllmain.cpp">
      <Filter>Source Files</Filter>
    </ClCompile>
    <ClCompile Include="..\common\esteid_certinfo.c">
      <Filter>Source Files</Filter>
    </ClCompile>
    <ClCompile Include="..\common\esteid_dialog_common.c">
      <Filter>Source Files</Filter>
    </ClCompile>
    <ClCompile Include="..\common\esteid_map.c">
      <Filter>Source Files</Filter>
    </ClCompile>
    <ClCompile Include="..\common\esteid_sign.c">
      <Filter>Source Files</Filter>
    </ClCompile>
    <ClCompile Include="..\common\esteid_time.c">
      <Filter>Source Files</Filter>
    </ClCompile>
    <ClCompile Include="..\common\esteid_timer.c">
      <Filter>Source Files</Filter>
    </ClCompile>
    <ClCompile Include="EstEIDPin2Dlg.cpp">
      <Filter>Source Files</Filter>
    </ClCompile>
    <ClCompile Include="EstEIDPinPadDlg.cpp">
      <Filter>Source Files</Filter>
    </ClCompile>
    <ClCompile Include="esteid-plugin-ie.cpp">
      <Filter>Source Files</Filter>
    </ClCompile>
    <ClCompile Include="..\common\l10n.c">
      <Filter>Source Files</Filter>
    </ClCompile>
    <ClCompile Include="..\common\l10n-win.c">
      <Filter>Source Files</Filter>
    </ClCompile>
    <ClCompile Include="..\common\pkcs11_errors.c">
      <Filter>Source Files</Filter>
    </ClCompile>
    <ClCompile Include="BinaryUtils.cpp">
      <Filter>Source Files</Filter>
    </ClCompile>
    <ClCompile Include="CngCapiSigner.cpp">
      <Filter>Source Files</Filter>
    </ClCompile>
  </ItemGroup>
  <ItemGroup>
    <ClInclude Include="..\common\cert_dialog_win.h">
      <Filter>Header Files</Filter>
    </ClInclude>
    <ClInclude Include="..\common\esteid_log.h">
      <Filter>Header Files</Filter>
    </ClInclude>
    <ClInclude Include="esteidpluginie_i.h">
      <Filter>Header Files</Filter>
    </ClInclude>
    <ClInclude Include="EstEIDCertificate.h">
      <Filter>Header Files</Filter>
    </ClInclude>
    <ClInclude Include="EstEIDIEPluginBHO.h">
      <Filter>Header Files</Filter>
    </ClInclude>
    <ClInclude Include="..\common\esteid_error.h">
      <Filter>Header Files</Filter>
    </ClInclude>
    <ClInclude Include="dllmain.h">
      <Filter>Header Files</Filter>
    </ClInclude>
    <ClInclude Include="CryptoException.h">
      <Filter>Header Files</Filter>
    </ClInclude>
    <ClInclude Include="EstEIDHelper.h">
      <Filter>Header Files</Filter>
    </ClInclude>
    <ClInclude Include="EstEIDPin2Dlg.h">
      <Filter>Header Files</Filter>
    </ClInclude>
    <ClInclude Include="EstEIDPinPadDlg.h">
      <Filter>Header Files</Filter>
    </ClInclude>
    <ClInclude Include="..\common\labels.h">
      <Filter>Header Files</Filter>
    </ClInclude>
    <ClInclude Include="..\include\pkcs11.h">
      <Filter>Header Files</Filter>
    </ClInclude>
    <ClInclude Include="Resource.h">
      <Filter>Header Files</Filter>
    </ClInclude>
    <ClInclude Include="..\common\version.h">
      <Filter>Header Files</Filter>
    </ClInclude>
    <ClInclude Include="targetver.h">
      <Filter>Header Files</Filter>
    </ClInclude>
    <ClInclude Include="..\common\esteid_dialog_common.h">
      <Filter>Header Files</Filter>
    </ClInclude>
    <ClInclude Include="..\common\esteid_map.h">
      <Filter>Header Files</Filter>
    </ClInclude>
    <ClInclude Include="..\common\esteid_sign.h">
      <Filter>Header Files</Filter>
    </ClInclude>
    <ClInclude Include="..\common\esteid_time.h">
      <Filter>Header Files</Filter>
    </ClInclude>
    <ClInclude Include="..\common\esteid_timer.h">
      <Filter>Header Files</Filter>
    </ClInclude>
    <ClInclude Include="..\common\l10n.h">
      <Filter>Header Files</Filter>
    </ClInclude>
    <ClInclude Include="..\common\pkcs11_errors.h">
      <Filter>Header Files</Filter>
    </ClInclude>
    <ClInclude Include="BinaryUtils.h">
      <Filter>Header Files</Filter>
    </ClInclude>
    <ClInclude Include="CngCapiSigner.h">
      <Filter>Header Files</Filter>
    </ClInclude>
    <ClInclude Include="Signer.h">
      <Filter>Header Files</Filter>
    </ClInclude>
    <ClInclude Include="HostExceptions.h">
      <Filter>Header Files</Filter>
    </ClInclude>
    <ClInclude Include="stdafx.h">
      <Filter>Header Files</Filter>
    </ClInclude>
  </ItemGroup>
  <ItemGroup>
    <ResourceCompile Include="esteid-plugin-ie.rc" />
  </ItemGroup>
  <ItemGroup>
    <Midl Include="esteidpluginie.idl" />
  </ItemGroup>
  <ItemGroup>
    <None Include="esteid-plugin-ie.def" />
    <None Include="esteid-plugin-ie.rgs" />
    <None Include="EstEIDCertificate.rgs" />
    <None Include="EstEIDIEPluginBHO.rgs" />
    <None Include="plugin-test-ie.html" />
    <None Include="ReadMe.txt" />
  </ItemGroup>
  <ItemGroup>
    <Filter Include="Header Files">
      <UniqueIdentifier>{00b828fc-9ee1-4387-b02b-ad4ff2f48a93}</UniqueIdentifier>
      <Extensions>h;hpp;hxx;hm;inl;inc;xsd</Extensions>
    </Filter>
    <Filter Include="Source Files">
      <UniqueIdentifier>{f9b1462f-9f3c-480b-840e-ae193de64ed4}</UniqueIdentifier>
      <Extensions>cpp;c;cc;cxx;def;odl;idl;hpj;bat;asm;asmx</Extensions>
    </Filter>
  </ItemGroup>
</Project>