// !$*UTF8*$!
{
	archiveVersion = 1;
	classes = {
	};
	objectVersion = 46;
	objects = {

/* Begin PBXBuildFile section */
		12037281122B847C00F7063E /* esteid_map_test.c in Sources */ = {isa = PBXBuildFile; fileRef = 1203727E122B847C00F7063E /* esteid_map_test.c */; };
		12037282122B847D00F7063E /* esteid_map.c in Sources */ = {isa = PBXBuildFile; fileRef = 1203727F122B847C00F7063E /* esteid_map.c */; };
		124E7EEE11F6DF5B00AED77F /* Cocoa.framework in Frameworks */ = {isa = PBXBuildFile; fileRef = 124E7EED11F6DF5B00AED77F /* Cocoa.framework */; };
		124E7EF911F6E03C00AED77F /* InfoPlist.strings in Resources */ = {isa = PBXBuildFile; fileRef = 124E7EF611F6E03C00AED77F /* InfoPlist.strings */; };
		124E7F0B11F6E09300AED77F /* PINDialog.xib in Resources */ = {isa = PBXBuildFile; fileRef = 124E7F0611F6E09300AED77F /* PINDialog.xib */; };
		124E7F0C11F6E09300AED77F /* PINPanel.m in Sources */ = {isa = PBXBuildFile; fileRef = 124E7F0811F6E09300AED77F /* PINPanel.m */; };
		124E7F1D11F6E0EF00AED77F /* plugin.c in Sources */ = {isa = PBXBuildFile; fileRef = 124E7F1B11F6E0EF00AED77F /* plugin.c */; };
		12910C90122B8A5A002722A4 /* dialogs.m in Sources */ = {isa = PBXBuildFile; fileRef = 12910C8F122B8A5A002722A4 /* dialogs.m */; };
		12910C96122B8A77002722A4 /* dialogs-cocoa.m in Sources */ = {isa = PBXBuildFile; fileRef = 12910C94122B8A77002722A4 /* dialogs-cocoa.m */; };
		4E8895EB1A8C1792006332A7 /* libcrypto.dylib in Frameworks */ = {isa = PBXBuildFile; fileRef = 4E8895EA1A8C1792006332A7 /* libcrypto.dylib */; };
		4ECC1BC5163B0A7D0079E4AC /* Security.framework in Frameworks */ = {isa = PBXBuildFile; fileRef = F642D75C1238CB0800CBFD02 /* Security.framework */; };
		9D8F1D7A1BB1465000ED50DA /* preferences.m in Sources */ = {isa = PBXBuildFile; fileRef = 9D8F1D791BB1465000ED50DA /* preferences.m */; settings = {ASSET_TAGS = (); }; };
		9DDEA2B91BB36B5500A14D8A /* ModuleSelection.m in Sources */ = {isa = PBXBuildFile; fileRef = 9DDEA2B81BB36B5500A14D8A /* ModuleSelection.m */; settings = {ASSET_TAGS = (); }; };
		9DDEA2C11BB36CAA00A14D8A /* ModuleSelection.xib in Resources */ = {isa = PBXBuildFile; fileRef = 9DDEA2C01BB36CAA00A14D8A /* ModuleSelection.xib */; settings = {ASSET_TAGS = (); }; };
		D82FCC4512ACF9A6007942EB /* esteid_log.c in Sources */ = {isa = PBXBuildFile; fileRef = D82FCC4412ACF9A6007942EB /* esteid_log.c */; };
		F63D048112005FF400CA11F4 /* pkcs11_errors.c in Sources */ = {isa = PBXBuildFile; fileRef = 128B2FBF11FDBEE4000A8EDE /* pkcs11_errors.c */; };
		F63D048212005FF800CA11F4 /* esteid_certinfo.c in Sources */ = {isa = PBXBuildFile; fileRef = 128B2DE111F9D1E4000A8EDE /* esteid_certinfo.c */; };
		F642D7491238C9F300CBFD02 /* keychain-tool.m in Sources */ = {isa = PBXBuildFile; fileRef = F642D7341238C78900CBFD02 /* keychain-tool.m */; };
		F66C51501210325A003AA2E1 /* esteid_sign.c in Sources */ = {isa = PBXBuildFile; fileRef = F66C514E1210325A003AA2E1 /* esteid_sign.c */; };
		F69726561225427F0059AC50 /* cert-class.c in Sources */ = {isa = PBXBuildFile; fileRef = F69726521225427F0059AC50 /* cert-class.c */; };
		F69726571225427F0059AC50 /* plugin-class.c in Sources */ = {isa = PBXBuildFile; fileRef = F69726541225427F0059AC50 /* plugin-class.c */; };
		F6AA0AC912C1E1820001468B /* CertificateSelection.xib in Resources */ = {isa = PBXBuildFile; fileRef = F6AA0AC712C1E1820001468B /* CertificateSelection.xib */; };
		F6AA0AD212C1E60B0001468B /* CertificateSelection.m in Sources */ = {isa = PBXBuildFile; fileRef = F6AA0AD012C1E60B0001468B /* CertificateSelection.m */; };
		F6C278331312AF7600B3D97C /* PINPadMessageBox.xib in Resources */ = {isa = PBXBuildFile; fileRef = F6C278321312AF7600B3D97C /* PINPadMessageBox.xib */; };
		F6DA9256126606AC008D9295 /* esteid_json.c in Sources */ = {isa = PBXBuildFile; fileRef = F6DA9254126606AC008D9295 /* esteid_json.c */; };
		F6F089471212D5CC009A48CB /* PINDialogWithMessage.xib in Resources */ = {isa = PBXBuildFile; fileRef = F6F089451212D5CC009A48CB /* PINDialogWithMessage.xib */; };
		F6F4A4E11214025800933C3D /* l10n.c in Sources */ = {isa = PBXBuildFile; fileRef = F6F4A4DD1214025800933C3D /* l10n.c */; };
		F6F4A5971219297200933C3D /* esteid_timer.c in Sources */ = {isa = PBXBuildFile; fileRef = F6F4A5941219297200933C3D /* esteid_timer.c */; };
		F6F4A5FE121A8CCC00933C3D /* l10n-mac.m in Sources */ = {isa = PBXBuildFile; fileRef = F6F4A5FC121A8CCC00933C3D /* l10n-mac.m */; };
/* End PBXBuildFile section */

/* Begin PBXFileReference section */
		1203727D122B847C00F7063E /* dialogs.h */ = {isa = PBXFileReference; fileEncoding = 4; lastKnownFileType = sourcecode.c.h; path = dialogs.h; sourceTree = "<group>"; };
		1203727E122B847C00F7063E /* esteid_map_test.c */ = {isa = PBXFileReference; fileEncoding = 4; lastKnownFileType = sourcecode.c.c; path = esteid_map_test.c; sourceTree = "<group>"; };
		1203727F122B847C00F7063E /* esteid_map.c */ = {isa = PBXFileReference; fileEncoding = 4; lastKnownFileType = sourcecode.c.c; path = esteid_map.c; sourceTree = "<group>"; };
		12037280122B847C00F7063E /* esteid_map.h */ = {isa = PBXFileReference; fileEncoding = 4; lastKnownFileType = sourcecode.c.h; path = esteid_map.h; sourceTree = "<group>"; };
		124E7EE111F6DE0200AED77F /* Info.plist */ = {isa = PBXFileReference; lastKnownFileType = text.plist.xml; name = Info.plist; path = firefox/Info.plist; sourceTree = "<group>"; };
		124E7EED11F6DF5B00AED77F /* Cocoa.framework */ = {isa = PBXFileReference; lastKnownFileType = wrapper.framework; name = Cocoa.framework; path = System/Library/Frameworks/Cocoa.framework; sourceTree = SDKROOT; };
		124E7EF711F6E03C00AED77F /* English */ = {isa = PBXFileReference; fileEncoding = 4; lastKnownFileType = text.plist.strings; name = English; path = InfoPlist.strings; sourceTree = "<group>"; };
		124E7F0611F6E09300AED77F /* PINDialog.xib */ = {isa = PBXFileReference; lastKnownFileType = file.xib; path = PINDialog.xib; sourceTree = "<group>"; };
		124E7F0711F6E09300AED77F /* PINPanel.h */ = {isa = PBXFileReference; fileEncoding = 4; lastKnownFileType = sourcecode.c.h; path = PINPanel.h; sourceTree = "<group>"; };
		124E7F0811F6E09300AED77F /* PINPanel.m */ = {isa = PBXFileReference; fileEncoding = 4; lastKnownFileType = sourcecode.c.objc; path = PINPanel.m; sourceTree = "<group>"; };
		124E7F0E11F6E09300AED77F /* esteidfirefoxplugin.bundle */ = {isa = PBXFileReference; explicitFileType = wrapper.cfbundle; includeInIndex = 0; path = esteidfirefoxplugin.bundle; sourceTree = BUILT_PRODUCTS_DIR; };
		124E7F1911F6E0EF00AED77F /* Info.plist */ = {isa = PBXFileReference; fileEncoding = 4; lastKnownFileType = text.plist.xml; path = Info.plist; sourceTree = "<group>"; };
		124E7F1A11F6E0EF00AED77F /* plugin.h */ = {isa = PBXFileReference; fileEncoding = 4; lastKnownFileType = sourcecode.c.h; path = plugin.h; sourceTree = "<group>"; };
		124E7F1B11F6E0EF00AED77F /* plugin.c */ = {isa = PBXFileReference; fileEncoding = 4; lastKnownFileType = sourcecode.c.c; path = plugin.c; sourceTree = "<group>"; };
		1270FBDB11F707C000E8997F /* version.h */ = {isa = PBXFileReference; fileEncoding = 4; lastKnownFileType = sourcecode.c.h; path = version.h; sourceTree = "<group>"; };
		128B2D9011F9CE06000A8EDE /* test.c */ = {isa = PBXFileReference; fileEncoding = 4; lastKnownFileType = sourcecode.c.c; path = test.c; sourceTree = "<group>"; };
		128B2DE111F9D1E4000A8EDE /* esteid_certinfo.c */ = {isa = PBXFileReference; fileEncoding = 4; lastKnownFileType = sourcecode.c.c; path = esteid_certinfo.c; sourceTree = "<group>"; };
		128B2DE211F9D1E4000A8EDE /* esteid_certinfo.h */ = {isa = PBXFileReference; fileEncoding = 4; lastKnownFileType = sourcecode.c.h; path = esteid_certinfo.h; sourceTree = "<group>"; };
		128B2E7911FD69A0000A8EDE /* esteid_log.h */ = {isa = PBXFileReference; fileEncoding = 4; lastKnownFileType = sourcecode.c.h; path = esteid_log.h; sourceTree = "<group>"; };
		128B2FBE11FDBEE4000A8EDE /* pkcs11_errors.h */ = {isa = PBXFileReference; fileEncoding = 4; lastKnownFileType = sourcecode.c.h; path = pkcs11_errors.h; sourceTree = "<group>"; };
		128B2FBF11FDBEE4000A8EDE /* pkcs11_errors.c */ = {isa = PBXFileReference; fileEncoding = 4; lastKnownFileType = sourcecode.c.c; path = pkcs11_errors.c; sourceTree = "<group>"; };
		12910C8F122B8A5A002722A4 /* dialogs.m */ = {isa = PBXFileReference; fileEncoding = 4; lastKnownFileType = sourcecode.c.objc; path = dialogs.m; sourceTree = "<group>"; };
		12910C93122B8A77002722A4 /* dialogs-cocoa.h */ = {isa = PBXFileReference; fileEncoding = 4; lastKnownFileType = sourcecode.c.h; path = "dialogs-cocoa.h"; sourceTree = "<group>"; };
		12910C94122B8A77002722A4 /* dialogs-cocoa.m */ = {isa = PBXFileReference; fileEncoding = 4; lastKnownFileType = sourcecode.c.objc; path = "dialogs-cocoa.m"; sourceTree = "<group>"; };
		4E8895EA1A8C1792006332A7 /* libcrypto.dylib */ = {isa = PBXFileReference; lastKnownFileType = "compiled.mach-o.dylib"; name = libcrypto.dylib; path = usr/lib/libcrypto.dylib; sourceTree = SDKROOT; };
		9D8F1D781BB144C700ED50DA /* preferences.h */ = {isa = PBXFileReference; fileEncoding = 4; lastKnownFileType = sourcecode.c.h; path = preferences.h; sourceTree = "<group>"; };
		9D8F1D791BB1465000ED50DA /* preferences.m */ = {isa = PBXFileReference; fileEncoding = 4; lastKnownFileType = sourcecode.c.objc; path = preferences.m; sourceTree = "<group>"; };
		9DDEA2B71BB36B5500A14D8A /* ModuleSelection.h */ = {isa = PBXFileReference; fileEncoding = 4; lastKnownFileType = sourcecode.c.h; path = ModuleSelection.h; sourceTree = "<group>"; };
		9DDEA2B81BB36B5500A14D8A /* ModuleSelection.m */ = {isa = PBXFileReference; fileEncoding = 4; lastKnownFileType = sourcecode.c.objc; path = ModuleSelection.m; sourceTree = "<group>"; };
		9DDEA2C01BB36CAA00A14D8A /* ModuleSelection.xib */ = {isa = PBXFileReference; fileEncoding = 4; lastKnownFileType = file.xib; path = ModuleSelection.xib; sourceTree = "<group>"; };
		D82FCC4412ACF9A6007942EB /* esteid_log.c */ = {isa = PBXFileReference; fileEncoding = 4; lastKnownFileType = sourcecode.c.c; path = esteid_log.c; sourceTree = "<group>"; };
		D86B00FA1251FB4D00D9A6FA /* esteid_json.h */ = {isa = PBXFileReference; fileEncoding = 4; lastKnownFileType = sourcecode.c.h; path = esteid_json.h; sourceTree = "<group>"; };
		D8A4AA381271DC0900746CF9 /* keychain-tool */ = {isa = PBXFileReference; explicitFileType = "compiled.mach-o.executable"; includeInIndex = 0; path = "keychain-tool"; sourceTree = BUILT_PRODUCTS_DIR; };
		F642D7341238C78900CBFD02 /* keychain-tool.m */ = {isa = PBXFileReference; fileEncoding = 4; lastKnownFileType = sourcecode.c.objc; path = "keychain-tool.m"; sourceTree = "<group>"; };
		F642D75C1238CB0800CBFD02 /* Security.framework */ = {isa = PBXFileReference; lastKnownFileType = wrapper.framework; name = Security.framework; path = System/Library/Frameworks/Security.framework; sourceTree = SDKROOT; };
		F64ADF5D1284010F00676E91 /* esteid_error.h */ = {isa = PBXFileReference; fileEncoding = 4; lastKnownFileType = sourcecode.c.h; path = esteid_error.h; sourceTree = "<group>"; };
		F66C514D1210325A003AA2E1 /* esteid_sign.h */ = {isa = PBXFileReference; fileEncoding = 4; lastKnownFileType = sourcecode.c.h; path = esteid_sign.h; sourceTree = "<group>"; };
		F66C514E1210325A003AA2E1 /* esteid_sign.c */ = {isa = PBXFileReference; fileEncoding = 4; lastKnownFileType = sourcecode.c.c; path = esteid_sign.c; sourceTree = "<group>"; };
		F69726521225427F0059AC50 /* cert-class.c */ = {isa = PBXFileReference; fileEncoding = 4; lastKnownFileType = sourcecode.c.c; path = "cert-class.c"; sourceTree = "<group>"; };
		F69726531225427F0059AC50 /* cert-class.h */ = {isa = PBXFileReference; fileEncoding = 4; lastKnownFileType = sourcecode.c.h; path = "cert-class.h"; sourceTree = "<group>"; };
		F69726541225427F0059AC50 /* plugin-class.c */ = {isa = PBXFileReference; fileEncoding = 4; lastKnownFileType = sourcecode.c.c; path = "plugin-class.c"; sourceTree = "<group>"; };
		F69726551225427F0059AC50 /* plugin-class.h */ = {isa = PBXFileReference; fileEncoding = 4; lastKnownFileType = sourcecode.c.h; path = "plugin-class.h"; sourceTree = "<group>"; };
		F6AA0AC712C1E1820001468B /* CertificateSelection.xib */ = {isa = PBXFileReference; lastKnownFileType = file.xib; path = CertificateSelection.xib; sourceTree = "<group>"; };
		F6AA0ACF12C1E60B0001468B /* CertificateSelection.h */ = {isa = PBXFileReference; fileEncoding = 4; lastKnownFileType = sourcecode.c.h; path = CertificateSelection.h; sourceTree = "<group>"; };
		F6AA0AD012C1E60B0001468B /* CertificateSelection.m */ = {isa = PBXFileReference; fileEncoding = 4; lastKnownFileType = sourcecode.c.objc; path = CertificateSelection.m; sourceTree = "<group>"; };
		F6C278321312AF7600B3D97C /* PINPadMessageBox.xib */ = {isa = PBXFileReference; lastKnownFileType = file.xib; path = PINPadMessageBox.xib; sourceTree = "<group>"; };
		F6DA91FE1265AAF4008D9295 /* esteid_mime_types.h */ = {isa = PBXFileReference; fileEncoding = 4; lastKnownFileType = sourcecode.c.h; path = esteid_mime_types.h; sourceTree = "<group>"; };
		F6DA9254126606AC008D9295 /* esteid_json.c */ = {isa = PBXFileReference; fileEncoding = 4; lastKnownFileType = sourcecode.c.c; path = esteid_json.c; sourceTree = "<group>"; };
		F6E8BBAD12DC62FE00AB9D34 /* esteid_misc.h */ = {isa = PBXFileReference; fileEncoding = 4; lastKnownFileType = sourcecode.c.h; path = esteid_misc.h; sourceTree = "<group>"; };
		F6F089451212D5CC009A48CB /* PINDialogWithMessage.xib */ = {isa = PBXFileReference; lastKnownFileType = file.xib; path = PINDialogWithMessage.xib; sourceTree = "<group>"; };
		F6F4A4DD1214025800933C3D /* l10n.c */ = {isa = PBXFileReference; fileEncoding = 4; lastKnownFileType = sourcecode.c.c; path = l10n.c; sourceTree = "<group>"; };
		F6F4A4DE1214025800933C3D /* l10n.h */ = {isa = PBXFileReference; fileEncoding = 4; lastKnownFileType = sourcecode.c.h; path = l10n.h; sourceTree = "<group>"; };
		F6F4A4DF1214025800933C3D /* labels.h */ = {isa = PBXFileReference; fileEncoding = 4; lastKnownFileType = sourcecode.c.h; path = labels.h; sourceTree = "<group>"; };
		F6F4A5941219297200933C3D /* esteid_timer.c */ = {isa = PBXFileReference; fileEncoding = 4; lastKnownFileType = sourcecode.c.c; path = esteid_timer.c; sourceTree = "<group>"; };
		F6F4A5951219297200933C3D /* esteid_timer.h */ = {isa = PBXFileReference; fileEncoding = 4; lastKnownFileType = sourcecode.c.h; path = esteid_timer.h; sourceTree = "<group>"; };
		F6F4A5FC121A8CCC00933C3D /* l10n-mac.m */ = {isa = PBXFileReference; fileEncoding = 4; lastKnownFileType = sourcecode.c.objc; path = "l10n-mac.m"; sourceTree = "<group>"; };
		F6F7D329130BCF8200BF2AAC /* cards.yaml */ = {isa = PBXFileReference; fileEncoding = 4; lastKnownFileType = text; name = cards.yaml; path = uitests/cards.yaml; sourceTree = "<group>"; };
		F6F7D32A130BCF8200BF2AAC /* config.yaml */ = {isa = PBXFileReference; fileEncoding = 4; lastKnownFileType = text; name = config.yaml; path = uitests/config.yaml; sourceTree = "<group>"; };
		F6F7D32B130BCF8200BF2AAC /* labels.yaml */ = {isa = PBXFileReference; fileEncoding = 4; lastKnownFileType = text; name = labels.yaml; path = uitests/labels.yaml; sourceTree = "<group>"; };
		F6F7D32C130BCF8200BF2AAC /* mac_helpers.rb */ = {isa = PBXFileReference; fileEncoding = 4; lastKnownFileType = text.script.ruby; name = mac_helpers.rb; path = uitests/mac_helpers.rb; sourceTree = "<group>"; };
		F6F7D32D130BCF8200BF2AAC /* misc_methods.rb */ = {isa = PBXFileReference; fileEncoding = 4; lastKnownFileType = text.script.ruby; name = misc_methods.rb; path = uitests/misc_methods.rb; sourceTree = "<group>"; };
		F6F7D32E130BCF8200BF2AAC /* plugin_mac_firefox_spec.rb */ = {isa = PBXFileReference; fileEncoding = 4; lastKnownFileType = text.script.ruby; name = plugin_mac_firefox_spec.rb; path = uitests/plugin_mac_firefox_spec.rb; sourceTree = "<group>"; };
		F6F7D32F130BCF8200BF2AAC /* plugin_mac_safari_spec.rb */ = {isa = PBXFileReference; fileEncoding = 4; lastKnownFileType = text.script.ruby; name = plugin_mac_safari_spec.rb; path = uitests/plugin_mac_safari_spec.rb; sourceTree = "<group>"; };
		F6F7D330130BCF8200BF2AAC /* plugin_shared.rb */ = {isa = PBXFileReference; fileEncoding = 4; lastKnownFileType = text.script.ruby; name = plugin_shared.rb; path = uitests/plugin_shared.rb; sourceTree = "<group>"; };
/* End PBXFileReference section */

/* Begin PBXFrameworksBuildPhase section */
		124E7EDE11F6DE0200AED77F /* Frameworks */ = {
			isa = PBXFrameworksBuildPhase;
			buildActionMask = 2147483647;
			files = (
				4E8895EB1A8C1792006332A7 /* libcrypto.dylib in Frameworks */,
				124E7EEE11F6DF5B00AED77F /* Cocoa.framework in Frameworks */,
			);
			runOnlyForDeploymentPostprocessing = 0;
		};
		F642D7401238C7D200CBFD02 /* Frameworks */ = {
			isa = PBXFrameworksBuildPhase;
			buildActionMask = 2147483647;
			files = (
				4ECC1BC5163B0A7D0079E4AC /* Security.framework in Frameworks */,
			);
			runOnlyForDeploymentPostprocessing = 0;
		};
/* End PBXFrameworksBuildPhase section */

/* Begin PBXGroup section */
		0259C574FE90428111CA0C5A /* esteid_webkit_plugin */ = {
			isa = PBXGroup;
			children = (
				F6F7D328130BCF1A00BF2AAC /* uitests */,
				124E7F1811F6E0EF00AED77F /* firefox */,
				124E7F0511F6E09300AED77F /* common */,
				0259C582FE90428111CA0C5A /* Resources */,
				1ED78706FE9D4A0611CA0C5A /* Products */,
				2E58F364FFB232C311CA0CBA /* Frameworks */,
			);
			name = esteid_webkit_plugin;
			sourceTree = "<group>";
		};
		0259C582FE90428111CA0C5A /* Resources */ = {
			isa = PBXGroup;
			children = (
				124E7EE111F6DE0200AED77F /* Info.plist */,
				124E7EF511F6E03C00AED77F /* English.lproj */,
			);
			name = Resources;
			sourceTree = "<group>";
		};
		124E7EF511F6E03C00AED77F /* English.lproj */ = {
			isa = PBXGroup;
			children = (
				124E7EF611F6E03C00AED77F /* InfoPlist.strings */,
			);
			path = English.lproj;
			sourceTree = "<group>";
		};
		124E7F0511F6E09300AED77F /* common */ = {
			isa = PBXGroup;
			children = (
				F6E8BBAD12DC62FE00AB9D34 /* esteid_misc.h */,
				D82FCC4412ACF9A6007942EB /* esteid_log.c */,
				F64ADF5D1284010F00676E91 /* esteid_error.h */,
				F6DA9254126606AC008D9295 /* esteid_json.c */,
				F6DA91FE1265AAF4008D9295 /* esteid_mime_types.h */,
				D86B00FA1251FB4D00D9A6FA /* esteid_json.h */,
				12910C93122B8A77002722A4 /* dialogs-cocoa.h */,
				12910C94122B8A77002722A4 /* dialogs-cocoa.m */,
				1203727D122B847C00F7063E /* dialogs.h */,
				1203727E122B847C00F7063E /* esteid_map_test.c */,
				1203727F122B847C00F7063E /* esteid_map.c */,
				12037280122B847C00F7063E /* esteid_map.h */,
				F6F4A5941219297200933C3D /* esteid_timer.c */,
				F6F4A5951219297200933C3D /* esteid_timer.h */,
				F6F4A4DD1214025800933C3D /* l10n.c */,
				F6F4A4DE1214025800933C3D /* l10n.h */,
				F6F4A4DF1214025800933C3D /* labels.h */,
				128B2DE111F9D1E4000A8EDE /* esteid_certinfo.c */,
				128B2DE211F9D1E4000A8EDE /* esteid_certinfo.h */,
				F6C278321312AF7600B3D97C /* PINPadMessageBox.xib */,
				124E7F0611F6E09300AED77F /* PINDialog.xib */,
				F6F089451212D5CC009A48CB /* PINDialogWithMessage.xib */,
				124E7F0711F6E09300AED77F /* PINPanel.h */,
				124E7F0811F6E09300AED77F /* PINPanel.m */,
				1270FBDB11F707C000E8997F /* version.h */,
				128B2D9011F9CE06000A8EDE /* test.c */,
				128B2E7911FD69A0000A8EDE /* esteid_log.h */,
				128B2FBE11FDBEE4000A8EDE /* pkcs11_errors.h */,
				128B2FBF11FDBEE4000A8EDE /* pkcs11_errors.c */,
				F66C514D1210325A003AA2E1 /* esteid_sign.h */,
				F66C514E1210325A003AA2E1 /* esteid_sign.c */,
				F6F4A5FC121A8CCC00933C3D /* l10n-mac.m */,
				F642D7341238C78900CBFD02 /* keychain-tool.m */,
				F6AA0AC712C1E1820001468B /* CertificateSelection.xib */,
				F6AA0ACF12C1E60B0001468B /* CertificateSelection.h */,
				F6AA0AD012C1E60B0001468B /* CertificateSelection.m */,
				9D8F1D781BB144C700ED50DA /* preferences.h */,
				9D8F1D791BB1465000ED50DA /* preferences.m */,
				9DDEA2B71BB36B5500A14D8A /* ModuleSelection.h */,
				9DDEA2B81BB36B5500A14D8A /* ModuleSelection.m */,
				9DDEA2C01BB36CAA00A14D8A /* ModuleSelection.xib */,
			);
			path = common;
			sourceTree = "<group>";
		};
		124E7F1811F6E0EF00AED77F /* firefox */ = {
			isa = PBXGroup;
			children = (
				12910C8F122B8A5A002722A4 /* dialogs.m */,
				F69726521225427F0059AC50 /* cert-class.c */,
				F69726531225427F0059AC50 /* cert-class.h */,
				F69726551225427F0059AC50 /* plugin-class.h */,
				F69726541225427F0059AC50 /* plugin-class.c */,
				124E7F1A11F6E0EF00AED77F /* plugin.h */,
				124E7F1B11F6E0EF00AED77F /* plugin.c */,
				124E7F1911F6E0EF00AED77F /* Info.plist */,
			);
			path = firefox;
			sourceTree = "<group>";
		};
		1ED78706FE9D4A0611CA0C5A /* Products */ = {
			isa = PBXGroup;
			children = (
				124E7F0E11F6E09300AED77F /* esteidfirefoxplugin.bundle */,
				D8A4AA381271DC0900746CF9 /* keychain-tool */,
			);
			name = Products;
			sourceTree = "<group>";
		};
		2E58F364FFB232C311CA0CBA /* Frameworks */ = {
			isa = PBXGroup;
			children = (
				4E8895EA1A8C1792006332A7 /* libcrypto.dylib */,
				124E7EED11F6DF5B00AED77F /* Cocoa.framework */,
				F642D75C1238CB0800CBFD02 /* Security.framework */,
			);
			name = Frameworks;
			sourceTree = "<group>";
		};
		F6F7D328130BCF1A00BF2AAC /* uitests */ = {
			isa = PBXGroup;
			children = (
				F6F7D329130BCF8200BF2AAC /* cards.yaml */,
				F6F7D32A130BCF8200BF2AAC /* config.yaml */,
				F6F7D32B130BCF8200BF2AAC /* labels.yaml */,
				F6F7D32C130BCF8200BF2AAC /* mac_helpers.rb */,
				F6F7D32D130BCF8200BF2AAC /* misc_methods.rb */,
				F6F7D32E130BCF8200BF2AAC /* plugin_mac_firefox_spec.rb */,
				F6F7D32F130BCF8200BF2AAC /* plugin_mac_safari_spec.rb */,
				F6F7D330130BCF8200BF2AAC /* plugin_shared.rb */,
			);
			name = uitests;
			sourceTree = "<group>";
		};
/* End PBXGroup section */

/* Begin PBXNativeTarget section */
		124E7EDF11F6DE0200AED77F /* esteidfirefoxplugin */ = {
			isa = PBXNativeTarget;
			buildConfigurationList = 124E7EE411F6DE0200AED77F /* Build configuration list for PBXNativeTarget "esteidfirefoxplugin" */;
			buildPhases = (
				124E7EDC11F6DE0200AED77F /* Resources */,
				124E7EDD11F6DE0200AED77F /* Sources */,
				124E7EDE11F6DE0200AED77F /* Frameworks */,
			);
			buildRules = (
			);
			dependencies = (
			);
			name = esteidfirefoxplugin;
			productName = "esteid-firefox-plugin";
			productReference = 124E7F0E11F6E09300AED77F /* esteidfirefoxplugin.bundle */;
			productType = "com.apple.product-type.bundle";
		};
		F642D7411238C7D200CBFD02 /* keychain-tool */ = {
			isa = PBXNativeTarget;
			buildConfigurationList = F642D7461238C7FC00CBFD02 /* Build configuration list for PBXNativeTarget "keychain-tool" */;
			buildPhases = (
				F642D73F1238C7D200CBFD02 /* Sources */,
				F642D7401238C7D200CBFD02 /* Frameworks */,
			);
			buildRules = (
			);
			dependencies = (
			);
			name = "keychain-tool";
			productName = "keychain-tool";
			productReference = D8A4AA381271DC0900746CF9 /* keychain-tool */;
			productType = "com.apple.product-type.tool";
		};
/* End PBXNativeTarget section */

/* Begin PBXProject section */
		0259C573FE90428111CA0C5A /* Project object */ = {
			isa = PBXProject;
			attributes = {
				LastUpgradeCheck = 0600;
			};
			buildConfigurationList = C027D11D08A954E7001699E2 /* Build configuration list for PBXProject "esteid-plugin" */;
			compatibilityVersion = "Xcode 3.2";
			developmentRegion = English;
			hasScannedForEncodings = 1;
			knownRegions = (
				English,
				Japanese,
				French,
				German,
			);
			mainGroup = 0259C574FE90428111CA0C5A /* esteid_webkit_plugin */;
			projectDirPath = "";
			projectRoot = "";
			targets = (
				124E7EDF11F6DE0200AED77F /* esteidfirefoxplugin */,
				F642D7411238C7D200CBFD02 /* keychain-tool */,
			);
		};
/* End PBXProject section */

/* Begin PBXResourcesBuildPhase section */
		124E7EDC11F6DE0200AED77F /* Resources */ = {
			isa = PBXResourcesBuildPhase;
			buildActionMask = 2147483647;
			files = (
				9DDEA2C11BB36CAA00A14D8A /* ModuleSelection.xib in Resources */,
				124E7EF911F6E03C00AED77F /* InfoPlist.strings in Resources */,
				124E7F0B11F6E09300AED77F /* PINDialog.xib in Resources */,
				F6F089471212D5CC009A48CB /* PINDialogWithMessage.xib in Resources */,
				F6AA0AC912C1E1820001468B /* CertificateSelection.xib in Resources */,
				F6C278331312AF7600B3D97C /* PINPadMessageBox.xib in Resources */,
			);
			runOnlyForDeploymentPostprocessing = 0;
		};
/* End PBXResourcesBuildPhase section */

/* Begin PBXSourcesBuildPhase section */
		124E7EDD11F6DE0200AED77F /* Sources */ = {
			isa = PBXSourcesBuildPhase;
			buildActionMask = 2147483647;
			files = (
				F63D048212005FF800CA11F4 /* esteid_certinfo.c in Sources */,
				F63D048112005FF400CA11F4 /* pkcs11_errors.c in Sources */,
				124E7F0C11F6E09300AED77F /* PINPanel.m in Sources */,
				124E7F1D11F6E0EF00AED77F /* plugin.c in Sources */,
				F66C51501210325A003AA2E1 /* esteid_sign.c in Sources */,
				F6F4A4E11214025800933C3D /* l10n.c in Sources */,
				F6F4A5971219297200933C3D /* esteid_timer.c in Sources */,
				9DDEA2B91BB36B5500A14D8A /* ModuleSelection.m in Sources */,
				F6F4A5FE121A8CCC00933C3D /* l10n-mac.m in Sources */,
				F69726561225427F0059AC50 /* cert-class.c in Sources */,
				F69726571225427F0059AC50 /* plugin-class.c in Sources */,
				12037281122B847C00F7063E /* esteid_map_test.c in Sources */,
				12037282122B847D00F7063E /* esteid_map.c in Sources */,
				9D8F1D7A1BB1465000ED50DA /* preferences.m in Sources */,
				12910C90122B8A5A002722A4 /* dialogs.m in Sources */,
				12910C96122B8A77002722A4 /* dialogs-cocoa.m in Sources */,
				F6DA9256126606AC008D9295 /* esteid_json.c in Sources */,
				D82FCC4512ACF9A6007942EB /* esteid_log.c in Sources */,
				F6AA0AD212C1E60B0001468B /* CertificateSelection.m in Sources */,
			);
			runOnlyForDeploymentPostprocessing = 0;
		};
		F642D73F1238C7D200CBFD02 /* Sources */ = {
			isa = PBXSourcesBuildPhase;
			buildActionMask = 2147483647;
			files = (
				F642D7491238C9F300CBFD02 /* keychain-tool.m in Sources */,
			);
			runOnlyForDeploymentPostprocessing = 0;
		};
/* End PBXSourcesBuildPhase section */

/* Begin PBXVariantGroup section */
		124E7EF611F6E03C00AED77F /* InfoPlist.strings */ = {
			isa = PBXVariantGroup;
			children = (
				124E7EF711F6E03C00AED77F /* English */,
			);
			name = InfoPlist.strings;
			sourceTree = "<group>";
		};
/* End PBXVariantGroup section */

/* Begin XCBuildConfiguration section */
		124E7EE211F6DE0200AED77F /* Debug */ = {
			isa = XCBuildConfiguration;
			buildSettings = {
				COPY_PHASE_STRIP = NO;
				GCC_OPTIMIZATION_LEVEL = 0;
				GCC_PRECOMPILE_PREFIX_HEADER = YES;
				GCC_PREPROCESSOR_DEFINITIONS = (
					DEVELOPMENT_MODE,
					"PKCS11_DRIVER=\\\"$(PKCS11_DRIVER)\\\"",
				);
				HEADER_SEARCH_PATHS = "$(PROJECT_DIR)/include";
				INFOPLIST_FILE = firefox/Info.plist;
				INSTALL_PATH = "$(HOME)/Library/Internet Plug-Ins/";
				PRODUCT_NAME = esteidfirefoxplugin;
				WRAPPER_EXTENSION = bundle;
			};
			name = Debug;
		};
		124E7EE311F6DE0200AED77F /* Release */ = {
			isa = XCBuildConfiguration;
			buildSettings = {
				GCC_PRECOMPILE_PREFIX_HEADER = YES;
				HEADER_SEARCH_PATHS = "$(PROJECT_DIR)/include";
				INFOPLIST_FILE = firefox/Info.plist;
				INSTALL_PATH = "$(HOME)/Library/Internet Plug-Ins/";
				PRODUCT_NAME = esteidfirefoxplugin;
				WRAPPER_EXTENSION = bundle;
			};
			name = Release;
		};
		C027D11E08A954E7001699E2 /* Debug */ = {
			isa = XCBuildConfiguration;
			buildSettings = {
				ARCHS = "$(ARCHS_STANDARD_32_64_BIT)";
				GCC_PREPROCESSOR_DEFINITIONS = "PKCS11_DRIVER=\\\"$(PKCS11_DRIVER)\\\"";
				GCC_WARN_ABOUT_DEPRECATED_FUNCTIONS = NO;
				GCC_WARN_ABOUT_RETURN_TYPE = YES;
				GCC_WARN_UNUSED_VARIABLE = YES;
				MACOSX_DEPLOYMENT_TARGET = 10.7;
				ONLY_ACTIVE_ARCH = YES;
				PKCS11_DRIVER = "/Library/EstonianIDCard/lib/esteid-pkcs11.so";
				SDKROOT = macosx10.9;
			};
			name = Debug;
		};
		C027D11F08A954E7001699E2 /* Release */ = {
			isa = XCBuildConfiguration;
			buildSettings = {
				ARCHS = "$(ARCHS_STANDARD_32_64_BIT)";
				GCC_PREPROCESSOR_DEFINITIONS = "PKCS11_DRIVER=\\\"$(PKCS11_DRIVER)\\\"";
				GCC_WARN_ABOUT_DEPRECATED_FUNCTIONS = NO;
				GCC_WARN_ABOUT_RETURN_TYPE = YES;
				GCC_WARN_UNUSED_VARIABLE = YES;
				MACOSX_DEPLOYMENT_TARGET = 10.7;
				PKCS11_DRIVER = "/Library/EstonianIDCard/lib/esteid-pkcs11.so";
				SDKROOT = macosx10.9;
			};
			name = Release;
		};
		F642D7441238C7D300CBFD02 /* Debug */ = {
			isa = XCBuildConfiguration;
			buildSettings = {
				GCC_OPTIMIZATION_LEVEL = 0;
				GCC_PRECOMPILE_PREFIX_HEADER = YES;
				PRODUCT_NAME = "keychain-tool";
			};
			name = Debug;
		};
		F642D7451238C7D300CBFD02 /* Release */ = {
			isa = XCBuildConfiguration;
			buildSettings = {
				GCC_PRECOMPILE_PREFIX_HEADER = YES;
				PRODUCT_NAME = "keychain-tool";
			};
			name = Release;
		};
/* End XCBuildConfiguration section */

/* Begin XCConfigurationList section */
		124E7EE411F6DE0200AED77F /* Build configuration list for PBXNativeTarget "esteidfirefoxplugin" */ = {
			isa = XCConfigurationList;
			buildConfigurations = (
				124E7EE211F6DE0200AED77F /* Debug */,
				124E7EE311F6DE0200AED77F /* Release */,
			);
			defaultConfigurationIsVisible = 0;
			defaultConfigurationName = Release;
		};
		C027D11D08A954E7001699E2 /* Build configuration list for PBXProject "esteid-plugin" */ = {
			isa = XCConfigurationList;
			buildConfigurations = (
				C027D11E08A954E7001699E2 /* Debug */,
				C027D11F08A954E7001699E2 /* Release */,
			);
			defaultConfigurationIsVisible = 0;
			defaultConfigurationName = Release;
		};
		F642D7461238C7FC00CBFD02 /* Build configuration list for PBXNativeTarget "keychain-tool" */ = {
			isa = XCConfigurationList;
			buildConfigurations = (
				F642D7441238C7D300CBFD02 /* Debug */,
				F642D7451238C7D300CBFD02 /* Release */,
			);
			defaultConfigurationIsVisible = 0;
			defaultConfigurationName = Release;
		};
/* End XCConfigurationList section */
	};
	rootObject = 0259C573FE90428111CA0C5A /* Project object */;
}
